
Microsoft Visual Studio Solution File, Format Version 12.00
# Visual Studio Version 17
VisualStudioVersion = 17.5.33502.453
MinimumVisualStudioVersion = 10.0.40219.1
Project("{FAE04EC0-301F-11D3-BF4B-00C04F79EFBC}") = "Kriechrennen", "Kriechrennen\Kriechrennen.csproj", "{AE0CF751-5117-4EF1-B6B7-4E0CA1317A95}"
EndProject
Global
	GlobalSection(SolutionConfigurationPlatforms) = preSolution
		Debug|Any CPU = Debug|Any CPU
		Release|Any CPU = Release|Any CPU
	EndGlobalSection
	GlobalSection(ProjectConfigurationPlatforms) = postSolution
		{AE0CF751-5117-4EF1-B6B7-4E0CA1317A95}.Debug|Any CPU.ActiveCfg = Debug|Any CPU
		{AE0CF751-5117-4EF1-B6B7-4E0CA1317A95}.Debug|Any CPU.Build.0 = Debug|Any CPU
		{AE0CF751-5117-4EF1-B6B7-4E0CA1317A95}.Release|Any CPU.ActiveCfg = Release|Any CPU
		{AE0CF751-5117-4EF1-B6B7-4E0CA1317A95}.Release|Any CPU.Build.0 = Release|Any CPU
	EndGlobalSection
	GlobalSection(SolutionProperties) = preSolution
		HideSolutionNode = FALSE
	EndGlobalSection
	GlobalSection(ExtensibilityGlobals) = postSolution
		SolutionGuid = {779CDFBD-6904-4732-B50C-90584E9B7ABE}
	EndGlobalSection
EndGlobal
